
Microsoft Visual Studio Solution File, Format Version 12.00
# Visual Studio 14
VisualStudioVersion = 14.0.25420.1
MinimumVisualStudioVersion = 10.0.40219.1
Project("{FAE04EC0-301F-11D3-BF4B-00C04F79EFBC}") = "FacebookApplication", "FacebookApplication\FacebookApplication.csproj", "{5F422DEB-27B1-4E72-874C-7DBC7246A1F7}"
EndProject
Project("{F088123C-0E9E-452A-89E6-6BA2F21D5CAC}") = "ModelingProject2", "ModelingProject2\ModelingProject2.modelproj", "{16BE44CB-58CE-43F4-9EBD-4CB791F0F5B9}"
EndProject
Global
	GlobalSection(SolutionConfigurationPlatforms) = preSolution
		Debug|Any CPU = Debug|Any CPU
		Release|Any CPU = Release|Any CPU
	EndGlobalSection
	GlobalSection(ProjectConfigurationPlatforms) = postSolution
		{5F422DEB-27B1-4E72-874C-7DBC7246A1F7}.Debug|Any CPU.ActiveCfg = Debug|Any CPU
		{5F422DEB-27B1-4E72-874C-7DBC7246A1F7}.Debug|Any CPU.Build.0 = Debug|Any CPU
		{5F422DEB-27B1-4E72-874C-7DBC7246A1F7}.Release|Any CPU.ActiveCfg = Release|Any CPU
		{5F422DEB-27B1-4E72-874C-7DBC7246A1F7}.Release|Any CPU.Build.0 = Release|Any CPU
		{16BE44CB-58CE-43F4-9EBD-4CB791F0F5B9}.Debug|Any CPU.ActiveCfg = Debug|Any CPU
		{16BE44CB-58CE-43F4-9EBD-4CB791F0F5B9}.Debug|Any CPU.Build.0 = Debug|Any CPU
		{16BE44CB-58CE-43F4-9EBD-4CB791F0F5B9}.Release|Any CPU.ActiveCfg = Release|Any CPU
		{16BE44CB-58CE-43F4-9EBD-4CB791F0F5B9}.Release|Any CPU.Build.0 = Release|Any CPU
	EndGlobalSection
	GlobalSection(SolutionProperties) = preSolution
		HideSolutionNode = FALSE
	EndGlobalSection
EndGlobal
